
Microsoft Visual Studio Solution File, Format Version 12.00
# Visual Studio Version 17
VisualStudioVersion = 17.14.37502.11 d17.14
MinimumVisualStudioVersion = 10.0.40219.1
Project("{8BC9CEB8-8B4A-11D0-8D11-00A0C91BC942}") = "HuiRuVisionH", "HuiRuVisionH\HuiRuVisionH.vcxproj", "{F2E77B3A-7378-4ED6-9B69-E56AAFC4B842}"
EndProject
Global
	GlobalSection(SolutionConfigurationPlatforms) = preSolution
		Debug|x86 = Debug|x86
		Release|x86 = Release|x86
	EndGlobalSection
	GlobalSection(ProjectConfigurationPlatforms) = postSolution
		{F2E77B3A-7378-4ED6-9B69-E56AAFC4B842}.Debug|x86.ActiveCfg = Debug|Win32
		{F2E77B3A-7378-4ED6-9B69-E56AAFC4B842}.Debug|x86.Build.0 = Debug|Win32
		{F2E77B3A-7378-4ED6-9B69-E56AAFC4B842}.Release|x86.ActiveCfg = Release|Win32
		{F2E77B3A-7378-4ED6-9B69-E56AAFC4B842}.Release|x86.Build.0 = Release|Win32
	EndGlobalSection
	GlobalSection(SolutionProperties) = preSolution
		HideSolutionNode = FALSE
	EndGlobalSection
	GlobalSection(ExtensibilityGlobals) = postSolution
		SolutionGuid = {9FD5E188-3E87-418C-A014-4EB324361928}
	EndGlobalSection
EndGlobal
